
Microsoft Visual Studio Solution File, Format Version 12.00
# Visual Studio Version 17
VisualStudioVersion = 17.6.33815.320
MinimumVisualStudioVersion = 10.0.40219.1
Project("{FAE04EC0-301F-11D3-BF4B-00C04F79EFBC}") = "DockerDeployDemo", "DockerDeployDemo\DockerDeployDemo.csproj", "{32C91EDF-98A9-4D78-9021-500A478AF32C}"
EndProject
Global
	GlobalSection(SolutionConfigurationPlatforms) = preSolution
		Debug|Any CPU = Debug|Any CPU
		Release|Any CPU = Release|Any CPU
	EndGlobalSection
	GlobalSection(ProjectConfigurationPlatforms) = postSolution
		{32C91EDF-98A9-4D78-9021-500A478AF32C}.Debug|Any CPU.ActiveCfg = Debug|Any CPU
		{32C91EDF-98A9-4D78-9021-500A478AF32C}.Debug|Any CPU.Build.0 = Debug|Any CPU
		{32C91EDF-98A9-4D78-9021-500A478AF32C}.Release|Any CPU.ActiveCfg = Release|Any CPU
		{32C91EDF-98A9-4D78-9021-500A478AF32C}.Release|Any CPU.Build.0 = Release|Any CPU
	EndGlobalSection
	GlobalSection(SolutionProperties) = preSolution
		HideSolutionNode = FALSE
	EndGlobalSection
	GlobalSection(ExtensibilityGlobals) = postSolution
		SolutionGuid = {EF888D96-7BC8-47C0-99C2-48E7E5FD1FC9}
	EndGlobalSection
EndGlobal
